
Microsoft Visual Studio Solution File, Format Version 12.00
# Visual Studio 15
VisualStudioVersion = 15.0.28307.136
MinimumVisualStudioVersion = 10.0.40219.1
Project("{FAE04EC0-301F-11D3-BF4B-00C04F79EFBC}") = "NaMidia", "NaMidia\NaMidia.csproj", "{75953B5D-AAA6-4C51-9FCE-725921A1C0FF}"
EndProject
Project("{FAE04EC0-301F-11D3-BF4B-00C04F79EFBC}") = "NaMidiaCore", "NaMidia_Core\NaMidiaCore.csproj", "{A3D9C4CF-D10D-4366-BFD7-F5C819FBD0A1}"
EndProject
Global
	GlobalSection(SolutionConfigurationPlatforms) = preSolution
		Debug|Any CPU = Debug|Any CPU
		Release|Any CPU = Release|Any CPU
	EndGlobalSection
	GlobalSection(ProjectConfigurationPlatforms) = postSolution
		{75953B5D-AAA6-4C51-9FCE-725921A1C0FF}.Debug|Any CPU.ActiveCfg = Debug|Any CPU
		{75953B5D-AAA6-4C51-9FCE-725921A1C0FF}.Debug|Any CPU.Build.0 = Debug|Any CPU
		{75953B5D-AAA6-4C51-9FCE-725921A1C0FF}.Release|Any CPU.ActiveCfg = Release|Any CPU
		{75953B5D-AAA6-4C51-9FCE-725921A1C0FF}.Release|Any CPU.Build.0 = Release|Any CPU
		{A3D9C4CF-D10D-4366-BFD7-F5C819FBD0A1}.Debug|Any CPU.ActiveCfg = Debug|Any CPU
		{A3D9C4CF-D10D-4366-BFD7-F5C819FBD0A1}.Debug|Any CPU.Build.0 = Debug|Any CPU
		{A3D9C4CF-D10D-4366-BFD7-F5C819FBD0A1}.Release|Any CPU.ActiveCfg = Release|Any CPU
		{A3D9C4CF-D10D-4366-BFD7-F5C819FBD0A1}.Release|Any CPU.Build.0 = Release|Any CPU
	EndGlobalSection
	GlobalSection(SolutionProperties) = preSolution
		HideSolutionNode = FALSE
	EndGlobalSection
	GlobalSection(ExtensibilityGlobals) = postSolution
		SolutionGuid = {F6A55D7F-EE8B-48E4-B468-B49348CED65B}
	EndGlobalSection
	GlobalSection(TeamFoundationVersionControl) = preSolution
		SccNumberOfProjects = 1
		SccEnterpriseProvider = {4CA58AB2-18FA-4F8D-95D4-32DDF27D184C}
		SccTeamFoundationServer = https://rodrigonavas.visualstudio.com/
		SccProjectUniqueName0 = NaMidia\\NaMidia.csproj
		SccProjectName0 = NaMidia
		SccAuxPath0 = https://rodrigonavas.visualstudio.com
		SccLocalPath0 = NaMidia
		SccProvider0 = {4CA58AB2-18FA-4F8D-95D4-32DDF27D184C}
	EndGlobalSection
EndGlobal
